
Microsoft Visual Studio Solution File, Format Version 12.00
# Visual Studio Version 17
VisualStudioVersion = 17.3.32901.215
MinimumVisualStudioVersion = 10.0.40219.1
Project("{2150E333-8FDC-42A3-9474-1A3956D46DE8}") = "1. Presentation", "1. Presentation", "{A83CCB7F-0F47-4840-88B8-15C05468A16A}"
EndProject
Project("{2150E333-8FDC-42A3-9474-1A3956D46DE8}") = "2. Business", "2. Business", "{895B774A-29CB-463F-8C1C-2BEFC60C3B14}"
EndProject
Project("{2150E333-8FDC-42A3-9474-1A3956D46DE8}") = "3. Data", "3. Data", "{E740DFCD-6D20-4AAD-A762-16630B2A6BD2}"
EndProject
Project("{2150E333-8FDC-42A3-9474-1A3956D46DE8}") = "4. Libraries", "4. Libraries", "{B71C12B0-74F8-4F12-8397-4D99C0798B96}"
EndProject
Project("{FAE04EC0-301F-11D3-BF4B-00C04F79EFBC}") = "ViGo.API", "ViGo.API\ViGo.API.csproj", "{26E05434-B492-4F56-8C18-65A35E90A9A8}"
EndProject
Project("{FAE04EC0-301F-11D3-BF4B-00C04F79EFBC}") = "ViGo.Domain", "ViGo.Domain\ViGo.Domain.csproj", "{03904E6A-2959-4F0A-8B13-669A424F2397}"
EndProject
Project("{FAE04EC0-301F-11D3-BF4B-00C04F79EFBC}") = "ViGo.Services", "ViGo.Services\ViGo.Services.csproj", "{55B1C7B2-37A7-4B5A-9298-29F0F8418A50}"
EndProject
Project("{FAE04EC0-301F-11D3-BF4B-00C04F79EFBC}") = "ViGo.DTOs", "ViGo.DTOs\ViGo.DTOs.csproj", "{82763105-7A88-43B4-9EE3-C1139BD7577E}"
EndProject
Project("{FAE04EC0-301F-11D3-BF4B-00C04F79EFBC}") = "ViGo.Repository", "ViGo.Repository\ViGo.Repository.csproj", "{BA3B26F3-0605-45E0-896B-E5159A3E8EA1}"
EndProject
Project("{FAE04EC0-301F-11D3-BF4B-00C04F79EFBC}") = "ViGo.Utilities", "ViGo.Utilities\ViGo.Utilities.csproj", "{DCCDC3C2-456E-46C7-99C1-01383F613CC8}"
EndProject
Global
	GlobalSection(SolutionConfigurationPlatforms) = preSolution
		Debug|Any CPU = Debug|Any CPU
		Release|Any CPU = Release|Any CPU
	EndGlobalSection
	GlobalSection(ProjectConfigurationPlatforms) = postSolution
		{26E05434-B492-4F56-8C18-65A35E90A9A8}.Debug|Any CPU.ActiveCfg = Debug|Any CPU
		{26E05434-B492-4F56-8C18-65A35E90A9A8}.Debug|Any CPU.Build.0 = Debug|Any CPU
		{26E05434-B492-4F56-8C18-65A35E90A9A8}.Release|Any CPU.ActiveCfg = Release|Any CPU
		{26E05434-B492-4F56-8C18-65A35E90A9A8}.Release|Any CPU.Build.0 = Release|Any CPU
		{03904E6A-2959-4F0A-8B13-669A424F2397}.Debug|Any CPU.ActiveCfg = Debug|Any CPU
		{03904E6A-2959-4F0A-8B13-669A424F2397}.Debug|Any CPU.Build.0 = Debug|Any CPU
		{03904E6A-2959-4F0A-8B13-669A424F2397}.Release|Any CPU.ActiveCfg = Release|Any CPU
		{03904E6A-2959-4F0A-8B13-669A424F2397}.Release|Any CPU.Build.0 = Release|Any CPU
		{55B1C7B2-37A7-4B5A-9298-29F0F8418A50}.Debug|Any CPU.ActiveCfg = Debug|Any CPU
		{55B1C7B2-37A7-4B5A-9298-29F0F8418A50}.Debug|Any CPU.Build.0 = Debug|Any CPU
		{55B1C7B2-37A7-4B5A-9298-29F0F8418A50}.Release|Any CPU.ActiveCfg = Release|Any CPU
		{55B1C7B2-37A7-4B5A-9298-29F0F8418A50}.Release|Any CPU.Build.0 = Release|Any CPU
		{82763105-7A88-43B4-9EE3-C1139BD7577E}.Debug|Any CPU.ActiveCfg = Debug|Any CPU
		{82763105-7A88-43B4-9EE3-C1139BD7577E}.Debug|Any CPU.Build.0 = Debug|Any CPU
		{82763105-7A88-43B4-9EE3-C1139BD7577E}.Release|Any CPU.ActiveCfg = Release|Any CPU
		{82763105-7A88-43B4-9EE3-C1139BD7577E}.Release|Any CPU.Build.0 = Release|Any CPU
		{BA3B26F3-0605-45E0-896B-E5159A3E8EA1}.Debug|Any CPU.ActiveCfg = Debug|Any CPU
		{BA3B26F3-0605-45E0-896B-E5159A3E8EA1}.Debug|Any CPU.Build.0 = Debug|Any CPU
		{BA3B26F3-0605-45E0-896B-E5159A3E8EA1}.Release|Any CPU.ActiveCfg = Release|Any CPU
		{BA3B26F3-0605-45E0-896B-E5159A3E8EA1}.Release|Any CPU.Build.0 = Release|Any CPU
		{DCCDC3C2-456E-46C7-99C1-01383F613CC8}.Debug|Any CPU.ActiveCfg = Debug|Any CPU
		{DCCDC3C2-456E-46C7-99C1-01383F613CC8}.Debug|Any CPU.Build.0 = Debug|Any CPU
		{DCCDC3C2-456E-46C7-99C1-01383F613CC8}.Release|Any CPU.ActiveCfg = Release|Any CPU
		{DCCDC3C2-456E-46C7-99C1-01383F613CC8}.Release|Any CPU.Build.0 = Release|Any CPU
	EndGlobalSection
	GlobalSection(SolutionProperties) = preSolution
		HideSolutionNode = FALSE
	EndGlobalSection
	GlobalSection(NestedProjects) = preSolution
		{26E05434-B492-4F56-8C18-65A35E90A9A8} = {A83CCB7F-0F47-4840-88B8-15C05468A16A}
		{03904E6A-2959-4F0A-8B13-669A424F2397} = {E740DFCD-6D20-4AAD-A762-16630B2A6BD2}
		{55B1C7B2-37A7-4B5A-9298-29F0F8418A50} = {895B774A-29CB-463F-8C1C-2BEFC60C3B14}
		{82763105-7A88-43B4-9EE3-C1139BD7577E} = {895B774A-29CB-463F-8C1C-2BEFC60C3B14}
		{BA3B26F3-0605-45E0-896B-E5159A3E8EA1} = {E740DFCD-6D20-4AAD-A762-16630B2A6BD2}
		{DCCDC3C2-456E-46C7-99C1-01383F613CC8} = {B71C12B0-74F8-4F12-8397-4D99C0798B96}
	EndGlobalSection
	GlobalSection(ExtensibilityGlobals) = postSolution
		SolutionGuid = {F0E924FE-BCCC-40E9-AF09-F85A30C7182B}
	EndGlobalSection
EndGlobal
